
Microsoft Visual Studio Solution File, Format Version 12.00
# Visual Studio Version 18
VisualStudioVersion = 18.1.11312.151
MinimumVisualStudioVersion = 10.0.40219.1
Project("{2150E333-8FDC-42A3-9474-1A3956D46DE8}") = "src", "src", "{02EA681E-C7D8-13C7-8484-4AC65E1B71E8}"
EndProject
Project("{2150E333-8FDC-42A3-9474-1A3956D46DE8}") = "tests", "tests", "{8E0C0AEB-3DF8-4FEF-8ED0-876157A5C178}"
EndProject
Project("{2150E333-8FDC-42A3-9474-1A3956D46DE8}") = "docs", "docs", "{DBFC033E-9E6F-4839-9E71-BDF7730AFC53}"
EndProject
Project("{2150E333-8FDC-42A3-9474-1A3956D46DE8}") = "scripts", "scripts", "{246E2717-90BD-4E10-8F32-6366A98CCFA2}"
EndProject
Project("{2150E333-8FDC-42A3-9474-1A3956D46DE8}") = "Core", "Core", "{0F2C13F6-527C-4FCA-ADBC-BC8B5BCE5B0A}"
EndProject
Project("{2150E333-8FDC-42A3-9474-1A3956D46DE8}") = "Infrastructure", "Infrastructure", "{A4E3BEDB-7087-4185-8787-32E397F7EB08}"
EndProject
Project("{2150E333-8FDC-42A3-9474-1A3956D46DE8}") = "Presentation", "Presentation", "{1FEDBA07-736B-42D5-8F84-BF18C0EFB5A6}"
EndProject
Project("{2150E333-8FDC-42A3-9474-1A3956D46DE8}") = "Integrations", "Integrations", "{1C54AAF4-EBEA-4A36-A3DC-2E5BF2B001E1}"
EndProject
Project("{FAE04EC0-301F-11D3-BF4B-00C04F79EFBC}") = "AegisEInvoicing.Application", "src\Core\AegisEInvoicing.Application\AegisEInvoicing.Application.csproj", "{9E7F56B9-4A7F-C1F1-93B4-309355642015}"
EndProject
Project("{FAE04EC0-301F-11D3-BF4B-00C04F79EFBC}") = "AegisEInvoicing.Domain", "src\Core\AegisEInvoicing.Domain\AegisEInvoicing.Domain.csproj", "{FB978339-1100-86DC-8BA0-3F57A5320BAE}"
EndProject
Project("{FAE04EC0-301F-11D3-BF4B-00C04F79EFBC}") = "AegisEInvoicing.Infrastructure", "src\Infrastructure\AegisEInvoicing.Infrastructure\AegisEInvoicing.Infrastructure.csproj", "{D0AB2817-84DE-0CEB-24BD-159630EDB847}"
EndProject
Project("{FAE04EC0-301F-11D3-BF4B-00C04F79EFBC}") = "AegisEInvoicing.Persistence", "src\Infrastructure\AegisEInvoicing.Persistence\AegisEInvoicing.Persistence.csproj", "{BEEE3A63-5852-8715-6EEA-C5C149279C92}"
EndProject
Project("{FAE04EC0-301F-11D3-BF4B-00C04F79EFBC}") = "AegisEInvoicing.FIRSAccessPoint", "src\Integrations\AegisEInvoicing.FIRSAccessPoint\AegisEInvoicing.FIRSAccessPoint.csproj", "{1BBFB770-2544-AAE9-D160-D265F3E74619}"
EndProject
Project("{FAE04EC0-301F-11D3-BF4B-00C04F79EFBC}") = "AegisEInvoicing.Interswitch", "src\Integrations\AegisEInvoicing.Interswitch\AegisEInvoicing.Interswitch.csproj", "{1C645C3D-F01A-5BBC-DC88-1459D4BEDCD0}"
EndProject
Project("{FAE04EC0-301F-11D3-BF4B-00C04F79EFBC}") = "AegisEInvoicing.NotificationService", "src\Integrations\AegisEInvoicing.NotificationService\AegisEInvoicing.NotificationService.csproj", "{A9DA5E69-040F-E5B9-B2D2-3ACD9FABF092}"
EndProject
Project("{FAE04EC0-301F-11D3-BF4B-00C04F79EFBC}") = "AegisEInvoicing.Paystack", "src\Integrations\AegisEInvoicing.Paystack\AegisEInvoicing.Paystack.csproj", "{2D5C8A3F-1234-4B67-9E8D-AB12CD345EF6}"
EndProject
Project("{FAE04EC0-301F-11D3-BF4B-00C04F79EFBC}") = "AegisEInvoicing.ERP.API", "src\Presentation\AegisEInvoicing.ERP.API\AegisEInvoicing.ERP.API.csproj", "{CADE908A-AA1C-C5F4-D923-EA17F7B139E3}"
EndProject
Project("{FAE04EC0-301F-11D3-BF4B-00C04F79EFBC}") = "AegisEInvoicing.Portal.API", "src\Presentation\AegisEInvoicing.Portal.API\AegisEInvoicing.Portal.API.csproj", "{683C4BDB-D676-BF96-4609-2F7311B92F78}"
EndProject
Project("{FAE04EC0-301F-11D3-BF4B-00C04F79EFBC}") = "AegisEInvoicing.SFTP.API", "src\Presentation\AegisEInvoicing.SFTP.API\AegisEInvoicing.SFTP.API.csproj", "{83277181-EE09-D03B-34C2-384E505F48D5}"
EndProject
Project("{FAE04EC0-301F-11D3-BF4B-00C04F79EFBC}") = "AegisEInvoicing.UnitTests", "tests\AegisEInvoicing.UnitTests\AegisEInvoicing.UnitTests.csproj", "{73C1EC8A-AA84-0BCF-03D1-1F2844E7B885}"
EndProject
Project("{FAE04EC0-301F-11D3-BF4B-00C04F79EFBC}") = "AegisEInvoicing.BlueBridge", "src\Integrations\AegisEInvoicing.BlueBridge\AegisEInvoicing.BlueBridge.csproj", "{1657861B-2D40-713C-7A7E-63643D5EE197}"
EndProject
Project("{FAE04EC0-301F-11D3-BF4B-00C04F79EFBC}") = "AegisEInvoicing.Etranzact", "src\Integrations\AegisEInvoicing.Etranzact\AegisEInvoicing.Etranzact.csproj", "{1783F0F5-20CA-329A-DE3B-1100547EBFAE}"
EndProject
Global
	GlobalSection(SolutionConfigurationPlatforms) = preSolution
		Debug|Any CPU = Debug|Any CPU
		Release|Any CPU = Release|Any CPU
	EndGlobalSection
	GlobalSection(ProjectConfigurationPlatforms) = postSolution
		{9E7F56B9-4A7F-C1F1-93B4-309355642015}.Debug|Any CPU.ActiveCfg = Debug|Any CPU
		{9E7F56B9-4A7F-C1F1-93B4-309355642015}.Debug|Any CPU.Build.0 = Debug|Any CPU
		{9E7F56B9-4A7F-C1F1-93B4-309355642015}.Release|Any CPU.ActiveCfg = Release|Any CPU
		{9E7F56B9-4A7F-C1F1-93B4-309355642015}.Release|Any CPU.Build.0 = Release|Any CPU
		{FB978339-1100-86DC-8BA0-3F57A5320BAE}.Debug|Any CPU.ActiveCfg = Debug|Any CPU
		{FB978339-1100-86DC-8BA0-3F57A5320BAE}.Debug|Any CPU.Build.0 = Debug|Any CPU
		{FB978339-1100-86DC-8BA0-3F57A5320BAE}.Release|Any CPU.ActiveCfg = Release|Any CPU
		{FB978339-1100-86DC-8BA0-3F57A5320BAE}.Release|Any CPU.Build.0 = Release|Any CPU
		{D0AB2817-84DE-0CEB-24BD-159630EDB847}.Debug|Any CPU.ActiveCfg = Debug|Any CPU
		{D0AB2817-84DE-0CEB-24BD-159630EDB847}.Debug|Any CPU.Build.0 = Debug|Any CPU
		{D0AB2817-84DE-0CEB-24BD-159630EDB847}.Release|Any CPU.ActiveCfg = Release|Any CPU
		{D0AB2817-84DE-0CEB-24BD-159630EDB847}.Release|Any CPU.Build.0 = Release|Any CPU
		{BEEE3A63-5852-8715-6EEA-C5C149279C92}.Debug|Any CPU.ActiveCfg = Debug|Any CPU
		{BEEE3A63-5852-8715-6EEA-C5C149279C92}.Debug|Any CPU.Build.0 = Debug|Any CPU
		{BEEE3A63-5852-8715-6EEA-C5C149279C92}.Release|Any CPU.ActiveCfg = Release|Any CPU
		{BEEE3A63-5852-8715-6EEA-C5C149279C92}.Release|Any CPU.Build.0 = Release|Any CPU
		{1BBFB770-2544-AAE9-D160-D265F3E74619}.Debug|Any CPU.ActiveCfg = Debug|Any CPU
		{1BBFB770-2544-AAE9-D160-D265F3E74619}.Debug|Any CPU.Build.0 = Debug|Any CPU
		{1BBFB770-2544-AAE9-D160-D265F3E74619}.Release|Any CPU.ActiveCfg = Release|Any CPU
		{1BBFB770-2544-AAE9-D160-D265F3E74619}.Release|Any CPU.Build.0 = Release|Any CPU
		{1C645C3D-F01A-5BBC-DC88-1459D4BEDCD0}.Debug|Any CPU.ActiveCfg = Debug|Any CPU
		{1C645C3D-F01A-5BBC-DC88-1459D4BEDCD0}.Debug|Any CPU.Build.0 = Debug|Any CPU
		{1C645C3D-F01A-5BBC-DC88-1459D4BEDCD0}.Release|Any CPU.ActiveCfg = Release|Any CPU
		{1C645C3D-F01A-5BBC-DC88-1459D4BEDCD0}.Release|Any CPU.Build.0 = Release|Any CPU
		{A9DA5E69-040F-E5B9-B2D2-3ACD9FABF092}.Debug|Any CPU.ActiveCfg = Debug|Any CPU
		{A9DA5E69-040F-E5B9-B2D2-3ACD9FABF092}.Debug|Any CPU.Build.0 = Debug|Any CPU
		{A9DA5E69-040F-E5B9-B2D2-3ACD9FABF092}.Release|Any CPU.ActiveCfg = Release|Any CPU
		{A9DA5E69-040F-E5B9-B2D2-3ACD9FABF092}.Release|Any CPU.Build.0 = Release|Any CPU
		{2D5C8A3F-1234-4B67-9E8D-AB12CD345EF6}.Debug|Any CPU.ActiveCfg = Debug|Any CPU
		{2D5C8A3F-1234-4B67-9E8D-AB12CD345EF6}.Debug|Any CPU.Build.0 = Debug|Any CPU
		{2D5C8A3F-1234-4B67-9E8D-AB12CD345EF6}.Release|Any CPU.ActiveCfg = Release|Any CPU
		{2D5C8A3F-1234-4B67-9E8D-AB12CD345EF6}.Release|Any CPU.Build.0 = Release|Any CPU
		{CADE908A-AA1C-C5F4-D923-EA17F7B139E3}.Debug|Any CPU.ActiveCfg = Debug|Any CPU
		{CADE908A-AA1C-C5F4-D923-EA17F7B139E3}.Debug|Any CPU.Build.0 = Debug|Any CPU
		{CADE908A-AA1C-C5F4-D923-EA17F7B139E3}.Release|Any CPU.ActiveCfg = Release|Any CPU
		{CADE908A-AA1C-C5F4-D923-EA17F7B139E3}.Release|Any CPU.Build.0 = Release|Any CPU
		{683C4BDB-D676-BF96-4609-2F7311B92F78}.Debug|Any CPU.ActiveCfg = Debug|Any CPU
		{683C4BDB-D676-BF96-4609-2F7311B92F78}.Debug|Any CPU.Build.0 = Debug|Any CPU
		{683C4BDB-D676-BF96-4609-2F7311B92F78}.Release|Any CPU.ActiveCfg = Release|Any CPU
		{683C4BDB-D676-BF96-4609-2F7311B92F78}.Release|Any CPU.Build.0 = Release|Any CPU
		{83277181-EE09-D03B-34C2-384E505F48D5}.Debug|Any CPU.ActiveCfg = Debug|Any CPU
		{83277181-EE09-D03B-34C2-384E505F48D5}.Debug|Any CPU.Build.0 = Debug|Any CPU
		{83277181-EE09-D03B-34C2-384E505F48D5}.Release|Any CPU.ActiveCfg = Release|Any CPU
		{83277181-EE09-D03B-34C2-384E505F48D5}.Release|Any CPU.Build.0 = Release|Any CPU
		{73C1EC8A-AA84-0BCF-03D1-1F2844E7B885}.Debug|Any CPU.ActiveCfg = Debug|Any CPU
		{73C1EC8A-AA84-0BCF-03D1-1F2844E7B885}.Debug|Any CPU.Build.0 = Debug|Any CPU
		{73C1EC8A-AA84-0BCF-03D1-1F2844E7B885}.Release|Any CPU.ActiveCfg = Release|Any CPU
		{73C1EC8A-AA84-0BCF-03D1-1F2844E7B885}.Release|Any CPU.Build.0 = Release|Any CPU
		{1657861B-2D40-713C-7A7E-63643D5EE197}.Debug|Any CPU.ActiveCfg = Debug|Any CPU
		{1657861B-2D40-713C-7A7E-63643D5EE197}.Debug|Any CPU.Build.0 = Debug|Any CPU
		{1657861B-2D40-713C-7A7E-63643D5EE197}.Release|Any CPU.ActiveCfg = Release|Any CPU
		{1657861B-2D40-713C-7A7E-63643D5EE197}.Release|Any CPU.Build.0 = Release|Any CPU
		{1783F0F5-20CA-329A-DE3B-1100547EBFAE}.Debug|Any CPU.ActiveCfg = Debug|Any CPU
		{1783F0F5-20CA-329A-DE3B-1100547EBFAE}.Debug|Any CPU.Build.0 = Debug|Any CPU
		{1783F0F5-20CA-329A-DE3B-1100547EBFAE}.Release|Any CPU.ActiveCfg = Release|Any CPU
		{1783F0F5-20CA-329A-DE3B-1100547EBFAE}.Release|Any CPU.Build.0 = Release|Any CPU
	EndGlobalSection
	GlobalSection(SolutionProperties) = preSolution
		HideSolutionNode = FALSE
	EndGlobalSection
	GlobalSection(NestedProjects) = preSolution
		{0F2C13F6-527C-4FCA-ADBC-BC8B5BCE5B0A} = {02EA681E-C7D8-13C7-8484-4AC65E1B71E8}
		{A4E3BEDB-7087-4185-8787-32E397F7EB08} = {02EA681E-C7D8-13C7-8484-4AC65E1B71E8}
		{1FEDBA07-736B-42D5-8F84-BF18C0EFB5A6} = {02EA681E-C7D8-13C7-8484-4AC65E1B71E8}
		{1C54AAF4-EBEA-4A36-A3DC-2E5BF2B001E1} = {02EA681E-C7D8-13C7-8484-4AC65E1B71E8}
		{9E7F56B9-4A7F-C1F1-93B4-309355642015} = {0F2C13F6-527C-4FCA-ADBC-BC8B5BCE5B0A}
		{FB978339-1100-86DC-8BA0-3F57A5320BAE} = {0F2C13F6-527C-4FCA-ADBC-BC8B5BCE5B0A}
		{D0AB2817-84DE-0CEB-24BD-159630EDB847} = {A4E3BEDB-7087-4185-8787-32E397F7EB08}
		{BEEE3A63-5852-8715-6EEA-C5C149279C92} = {A4E3BEDB-7087-4185-8787-32E397F7EB08}
		{1BBFB770-2544-AAE9-D160-D265F3E74619} = {1C54AAF4-EBEA-4A36-A3DC-2E5BF2B001E1}
		{1C645C3D-F01A-5BBC-DC88-1459D4BEDCD0} = {1C54AAF4-EBEA-4A36-A3DC-2E5BF2B001E1}
		{A9DA5E69-040F-E5B9-B2D2-3ACD9FABF092} = {1C54AAF4-EBEA-4A36-A3DC-2E5BF2B001E1}
		{2D5C8A3F-1234-4B67-9E8D-AB12CD345EF6} = {1C54AAF4-EBEA-4A36-A3DC-2E5BF2B001E1}
		{CADE908A-AA1C-C5F4-D923-EA17F7B139E3} = {1FEDBA07-736B-42D5-8F84-BF18C0EFB5A6}
		{683C4BDB-D676-BF96-4609-2F7311B92F78} = {1FEDBA07-736B-42D5-8F84-BF18C0EFB5A6}
		{83277181-EE09-D03B-34C2-384E505F48D5} = {1FEDBA07-736B-42D5-8F84-BF18C0EFB5A6}
		{73C1EC8A-AA84-0BCF-03D1-1F2844E7B885} = {8E0C0AEB-3DF8-4FEF-8ED0-876157A5C178}
		{1657861B-2D40-713C-7A7E-63643D5EE197} = {1C54AAF4-EBEA-4A36-A3DC-2E5BF2B001E1}
		{1783F0F5-20CA-329A-DE3B-1100547EBFAE} = {1C54AAF4-EBEA-4A36-A3DC-2E5BF2B001E1}
	EndGlobalSection
	GlobalSection(ExtensibilityGlobals) = postSolution
		SolutionGuid = {3BC4881C-1651-4AFF-A0D8-45C84E5CD02E}
	EndGlobalSection
EndGlobal
